
Microsoft Visual Studio Solution File, Format Version 12.00
# Visual Studio Version 17
VisualStudioVersion = 17.7.34202.233
MinimumVisualStudioVersion = 10.0.40219.1
Project("{FAE04EC0-301F-11D3-BF4B-00C04F79EFBC}") = "muzey", "muzey\muzey.csproj", "{ED935C0A-53A8-48A6-9AB8-41A546E59515}"
EndProject
Global
	GlobalSection(SolutionConfigurationPlatforms) = preSolution
		Debug|Any CPU = Debug|Any CPU
		Release|Any CPU = Release|Any CPU
	EndGlobalSection
	GlobalSection(ProjectConfigurationPlatforms) = postSolution
		{ED935C0A-53A8-48A6-9AB8-41A546E59515}.Debug|Any CPU.ActiveCfg = Debug|Any CPU
		{ED935C0A-53A8-48A6-9AB8-41A546E59515}.Debug|Any CPU.Build.0 = Debug|Any CPU
		{ED935C0A-53A8-48A6-9AB8-41A546E59515}.Release|Any CPU.ActiveCfg = Release|Any CPU
		{ED935C0A-53A8-48A6-9AB8-41A546E59515}.Release|Any CPU.Build.0 = Release|Any CPU
	EndGlobalSection
	GlobalSection(SolutionProperties) = preSolution
		HideSolutionNode = FALSE
	EndGlobalSection
	GlobalSection(ExtensibilityGlobals) = postSolution
		SolutionGuid = {7F650972-32A8-479B-9610-E73558E238CC}
	EndGlobalSection
EndGlobal
